
Microsoft Visual Studio Solution File, Format Version 12.00
# Visual Studio Version 17
VisualStudioVersion = 17.11.35312.102
MinimumVisualStudioVersion = 10.0.40219.1
Project("{9A19103F-16F7-4668-BE54-9A1E7A4F7556}") = "HomeWork_Basic_09_L030", "HomeWork_Basic_09_L030.csproj", "{E2C7F8E9-3799-4F67-96C8-4BA590CF7FBD}"
EndProject
Project("{9A19103F-16F7-4668-BE54-9A1E7A4F7556}") = "HomeWork_Basic_09_L030_Mod_1", "..\HomeWork_Basic_09_L030_Mod_1\HomeWork_Basic_09_L030_Mod_1.csproj", "{AF3F657B-A40F-4CF0-BB1D-4CB3309D6220}"
EndProject
Global
	GlobalSection(SolutionConfigurationPlatforms) = preSolution
		Debug|Any CPU = Debug|Any CPU
		Release|Any CPU = Release|Any CPU
	EndGlobalSection
	GlobalSection(ProjectConfigurationPlatforms) = postSolution
		{E2C7F8E9-3799-4F67-96C8-4BA590CF7FBD}.Debug|Any CPU.ActiveCfg = Debug|Any CPU
		{E2C7F8E9-3799-4F67-96C8-4BA590CF7FBD}.Debug|Any CPU.Build.0 = Debug|Any CPU
		{E2C7F8E9-3799-4F67-96C8-4BA590CF7FBD}.Release|Any CPU.ActiveCfg = Release|Any CPU
		{E2C7F8E9-3799-4F67-96C8-4BA590CF7FBD}.Release|Any CPU.Build.0 = Release|Any CPU
		{AF3F657B-A40F-4CF0-BB1D-4CB3309D6220}.Debug|Any CPU.ActiveCfg = Debug|Any CPU
		{AF3F657B-A40F-4CF0-BB1D-4CB3309D6220}.Debug|Any CPU.Build.0 = Debug|Any CPU
		{AF3F657B-A40F-4CF0-BB1D-4CB3309D6220}.Release|Any CPU.ActiveCfg = Release|Any CPU
		{AF3F657B-A40F-4CF0-BB1D-4CB3309D6220}.Release|Any CPU.Build.0 = Release|Any CPU
	EndGlobalSection
	GlobalSection(SolutionProperties) = preSolution
		HideSolutionNode = FALSE
	EndGlobalSection
	GlobalSection(ExtensibilityGlobals) = postSolution
		SolutionGuid = {BE522620-9377-4FA6-BB3B-357236D9121C}
	EndGlobalSection
EndGlobal
